
Microsoft Visual Studio Solution File, Format Version 12.00
Project("{2150E333-8FDC-42A3-9474-1A3956D46DE8}") = "NetworkEdition", "NetworkEdition", "{1D44CB34-ACC8-4C21-BBF6-F6B9F9C4C663}"
EndProject
Project("{FAE04EC0-301F-11D3-BF4B-00C04F79EFBC}") = "NetworkEdition.API", "NetworkEdition.API\NetworkEdition.API.csproj", "{137DC388-599E-4732-A9FC-20A4BC85840D}"
EndProject
Project("{FAE04EC0-301F-11D3-BF4B-00C04F79EFBC}") = "NetworkEdition.Application", "NetworkEdition.Application\NetworkEdition.Application.csproj", "{CFC3B3C3-D0D5-48A2-8800-788847EFDAFA}"
EndProject
Project("{FAE04EC0-301F-11D3-BF4B-00C04F79EFBC}") = "Foundation", "Foundation\Foundation.csproj", "{56571588-9044-4581-AF69-50402C2D7AE5}"
EndProject
Project("{2150E333-8FDC-42A3-9474-1A3956D46DE8}") = "_config", "_config", "{C77F51AC-9E84-46EB-907B-FF6F9457A92B}"
ProjectSection(SolutionItems) = preProject
	.gitignore = .gitignore
	Directory.Build.props = Directory.Build.props
EndProjectSection
EndProject
Project("{FAE04EC0-301F-11D3-BF4B-00C04F79EFBC}") = "NetworkEdition.Domain", "NetworkEdition.Domain\NetworkEdition.Domain.csproj", "{8A90E04D-EA20-4D34-BDEC-9864FF206BFA}"
EndProject
Project("{2150E333-8FDC-42A3-9474-1A3956D46DE8}") = "Tests", "Tests", "{E97299DB-4D43-446E-89AB-5F1820C001FE}"
EndProject
Project("{FAE04EC0-301F-11D3-BF4B-00C04F79EFBC}") = "NetworkEdition.Infrastructure", "NetworkEdition.Infrastructure\NetworkEdition.Infrastructure.csproj", "{785C0C4F-C6BE-4D4A-8BA3-EA8066BAA9DF}"
EndProject
Project("{FAE04EC0-301F-11D3-BF4B-00C04F79EFBC}") = "NetworkEdition.Domain.Tests", "Tests\NetworkEdition.Domain.Tests\NetworkEdition.Domain.Tests.csproj", "{757A1D47-EDBF-4037-88C0-3847EB2777FF}"
EndProject
Project("{FAE04EC0-301F-11D3-BF4B-00C04F79EFBC}") = "Presentation", "Presentation\Presentation.csproj", "{95CE0390-3774-40AF-816C-C65743635FB6}"
EndProject
Project("{FAE04EC0-301F-11D3-BF4B-00C04F79EFBC}") = "NetworkEdition.ViewModels", "NetworkEdition.ViewModels\NetworkEdition.ViewModels.csproj", "{444E2E9C-87D6-40C9-AB9B-DFE668125A35}"
EndProject
Global
	GlobalSection(SolutionConfigurationPlatforms) = preSolution
		Debug|Any CPU = Debug|Any CPU
		Release|Any CPU = Release|Any CPU
	EndGlobalSection
	GlobalSection(ProjectConfigurationPlatforms) = postSolution
		{137DC388-599E-4732-A9FC-20A4BC85840D}.Debug|Any CPU.ActiveCfg = Debug|Any CPU
		{137DC388-599E-4732-A9FC-20A4BC85840D}.Debug|Any CPU.Build.0 = Debug|Any CPU
		{137DC388-599E-4732-A9FC-20A4BC85840D}.Release|Any CPU.ActiveCfg = Release|Any CPU
		{137DC388-599E-4732-A9FC-20A4BC85840D}.Release|Any CPU.Build.0 = Release|Any CPU
		{CFC3B3C3-D0D5-48A2-8800-788847EFDAFA}.Debug|Any CPU.ActiveCfg = Debug|Any CPU
		{CFC3B3C3-D0D5-48A2-8800-788847EFDAFA}.Debug|Any CPU.Build.0 = Debug|Any CPU
		{CFC3B3C3-D0D5-48A2-8800-788847EFDAFA}.Release|Any CPU.ActiveCfg = Release|Any CPU
		{CFC3B3C3-D0D5-48A2-8800-788847EFDAFA}.Release|Any CPU.Build.0 = Release|Any CPU
		{56571588-9044-4581-AF69-50402C2D7AE5}.Debug|Any CPU.ActiveCfg = Debug|Any CPU
		{56571588-9044-4581-AF69-50402C2D7AE5}.Debug|Any CPU.Build.0 = Debug|Any CPU
		{56571588-9044-4581-AF69-50402C2D7AE5}.Release|Any CPU.ActiveCfg = Release|Any CPU
		{56571588-9044-4581-AF69-50402C2D7AE5}.Release|Any CPU.Build.0 = Release|Any CPU
		{8A90E04D-EA20-4D34-BDEC-9864FF206BFA}.Debug|Any CPU.ActiveCfg = Debug|Any CPU
		{8A90E04D-EA20-4D34-BDEC-9864FF206BFA}.Debug|Any CPU.Build.0 = Debug|Any CPU
		{8A90E04D-EA20-4D34-BDEC-9864FF206BFA}.Release|Any CPU.ActiveCfg = Release|Any CPU
		{8A90E04D-EA20-4D34-BDEC-9864FF206BFA}.Release|Any CPU.Build.0 = Release|Any CPU
		{785C0C4F-C6BE-4D4A-8BA3-EA8066BAA9DF}.Debug|Any CPU.ActiveCfg = Debug|Any CPU
		{785C0C4F-C6BE-4D4A-8BA3-EA8066BAA9DF}.Debug|Any CPU.Build.0 = Debug|Any CPU
		{785C0C4F-C6BE-4D4A-8BA3-EA8066BAA9DF}.Release|Any CPU.ActiveCfg = Release|Any CPU
		{785C0C4F-C6BE-4D4A-8BA3-EA8066BAA9DF}.Release|Any CPU.Build.0 = Release|Any CPU
		{757A1D47-EDBF-4037-88C0-3847EB2777FF}.Debug|Any CPU.ActiveCfg = Debug|Any CPU
		{757A1D47-EDBF-4037-88C0-3847EB2777FF}.Debug|Any CPU.Build.0 = Debug|Any CPU
		{757A1D47-EDBF-4037-88C0-3847EB2777FF}.Release|Any CPU.ActiveCfg = Release|Any CPU
		{757A1D47-EDBF-4037-88C0-3847EB2777FF}.Release|Any CPU.Build.0 = Release|Any CPU
		{95CE0390-3774-40AF-816C-C65743635FB6}.Debug|Any CPU.ActiveCfg = Debug|Any CPU
		{95CE0390-3774-40AF-816C-C65743635FB6}.Debug|Any CPU.Build.0 = Debug|Any CPU
		{95CE0390-3774-40AF-816C-C65743635FB6}.Release|Any CPU.ActiveCfg = Release|Any CPU
		{95CE0390-3774-40AF-816C-C65743635FB6}.Release|Any CPU.Build.0 = Release|Any CPU
		{444E2E9C-87D6-40C9-AB9B-DFE668125A35}.Debug|Any CPU.ActiveCfg = Debug|Any CPU
		{444E2E9C-87D6-40C9-AB9B-DFE668125A35}.Debug|Any CPU.Build.0 = Debug|Any CPU
		{444E2E9C-87D6-40C9-AB9B-DFE668125A35}.Release|Any CPU.ActiveCfg = Release|Any CPU
		{444E2E9C-87D6-40C9-AB9B-DFE668125A35}.Release|Any CPU.Build.0 = Release|Any CPU
	EndGlobalSection
	GlobalSection(NestedProjects) = preSolution
		{137DC388-599E-4732-A9FC-20A4BC85840D} = {1D44CB34-ACC8-4C21-BBF6-F6B9F9C4C663}
		{CFC3B3C3-D0D5-48A2-8800-788847EFDAFA} = {1D44CB34-ACC8-4C21-BBF6-F6B9F9C4C663}
		{8A90E04D-EA20-4D34-BDEC-9864FF206BFA} = {1D44CB34-ACC8-4C21-BBF6-F6B9F9C4C663}
		{785C0C4F-C6BE-4D4A-8BA3-EA8066BAA9DF} = {1D44CB34-ACC8-4C21-BBF6-F6B9F9C4C663}
		{757A1D47-EDBF-4037-88C0-3847EB2777FF} = {E97299DB-4D43-446E-89AB-5F1820C001FE}
		{444E2E9C-87D6-40C9-AB9B-DFE668125A35} = {1D44CB34-ACC8-4C21-BBF6-F6B9F9C4C663}
	EndGlobalSection
EndGlobal
